<?xml version="1.0" encoding="utf-8"?>
<Project ToolsVersion="4.0" xmlns="http://schemas.microsoft.com/developer/msbuild/2003">
  <ItemGroup>
    <Filter Include="Source Files">
      <UniqueIdentifier>{75c50937-15b5-4e8f-9815-e9fd7f3e4119}</UniqueIdentifier>
      <Extensions>cpp;c;cxx;rc;def;r;odl;idl;hpj;bat</Extensions>
    </Filter>
    <Filter Include="Header Files">
      <UniqueIdentifier>{f686c0a5-b039-4d59-81e6-b8d668c36284}</UniqueIdentifier>
      <Extensions>h;hpp;hxx;hm;inl</Extensions>
    </Filter>
    <Filter Include="Resource Files">
      <UniqueIdentifier>{9246a952-f652-40a5-b77c-d84cb80291e8}</UniqueIdentifier>
      <Extensions>ico;cur;bmp;dlg;rc2;rct;bin;rgs;gif;jpg;jpeg;jpe</Extensions>
    </Filter>
    <Filter Include="Brush">
      <UniqueIdentifier>{61b2f151-5ef4-41e9-bd12-e55a2cae3e0b}</UniqueIdentifier>
    </Filter>
    <Filter Include="Shapes">
      <UniqueIdentifier>{3ee9e70b-6bfd-4e4b-bf04-e2905ebae135}</UniqueIdentifier>
    </Filter>
    <Filter Include="rendering">
      <UniqueIdentifier>{733bbbd5-5b63-456e-b55d-b9b450cf96c4}</UniqueIdentifier>
    </Filter>
    <Filter Include="Camera">
      <UniqueIdentifier>{dfae278e-a860-4123-b4bb-a554fbec81c9}</UniqueIdentifier>
    </Filter>
    <Filter Include="Sceneview">
      <UniqueIdentifier>{a0f65af3-b869-4753-a270-461820d24690}</UniqueIdentifier>
    </Filter>
    <Filter Include="Intersect">
      <UniqueIdentifier>{d7acc019-170d-4d85-b896-3c4af3a92386}</UniqueIdentifier>
    </Filter>
    <Filter Include="Interactive">
      <UniqueIdentifier>{53a7583e-e045-4c0a-93d4-b4c53d08af4d}</UniqueIdentifier>
      <Extensions>*.cpp *.h</Extensions>
    </Filter>
    <Filter Include="vecmath">
      <UniqueIdentifier>{b6f24eb0-f9cf-482c-8872-5ea80255f702}</UniqueIdentifier>
    </Filter>
  </ItemGroup>
  <ItemGroup>
    <ClCompile Include="GLWindow.cpp">
      <Filter>Source Files</Filter>
    </ClCompile>
    <ClCompile Include="main.cpp">
      <Filter>Source Files</Filter>
    </ClCompile>
    <ClCompile Include="ShellInterface.cpp">
      <Filter>Source Files</Filter>
    </ClCompile>
    <ClCompile Include="UIInterface.cpp">
      <Filter>Source Files</Filter>
    </ClCompile>
    <ClCompile Include="brush\BrushInterface.cpp">
      <Filter>Brush</Filter>
    </ClCompile>
    <ClCompile Include="brush\MyBrush.cpp">
      <Filter>Brush</Filter>
    </ClCompile>
    <ClCompile Include="brush\MyBrush_UI.cpp">
      <Filter>Brush</Filter>
    </ClCompile>
    <ClCompile Include="shapes\ShapesInterface.cpp">
      <Filter>Shapes</Filter>
    </ClCompile>
    <ClCompile Include="shapes\ShapesUI.cpp">
      <Filter>Shapes</Filter>
    </ClCompile>
    <ClCompile Include="rendering\MyScene_render.cpp">
      <Filter>rendering</Filter>
    </ClCompile>
    <ClCompile Include="rendering\RenderingInterface.cpp">
      <Filter>rendering</Filter>
    </ClCompile>
    <ClCompile Include="rendering\RenderingUI.cpp">
      <Filter>rendering</Filter>
    </ClCompile>
    <ClCompile Include="camera\Camera.cpp">
      <Filter>Camera</Filter>
    </ClCompile>
    <ClCompile Include="camera\CameraInterface.cpp">
      <Filter>Camera</Filter>
    </ClCompile>
    <ClCompile Include="camera\CameraUI.cpp">
      <Filter>Camera</Filter>
    </ClCompile>
    <ClCompile Include="camera\IBar.cpp">
      <Filter>Camera</Filter>
    </ClCompile>
    <ClCompile Include="sceneview\MyScene.cpp">
      <Filter>Sceneview</Filter>
    </ClCompile>
    <ClCompile Include="sceneview\MyScene_draw.cpp">
      <Filter>Sceneview</Filter>
    </ClCompile>
    <ClCompile Include="sceneview\SceneviewInterface.cpp">
      <Filter>Sceneview</Filter>
    </ClCompile>
    <ClCompile Include="sceneview\SceneviewUI.cpp">
      <Filter>Sceneview</Filter>
    </ClCompile>
    <ClCompile Include="intersection\IntersectionInterface.cpp">
      <Filter>Intersect</Filter>
    </ClCompile>
    <ClCompile Include="intersection\IntersectionUI.cpp">
      <Filter>Intersect</Filter>
    </ClCompile>
    <ClCompile Include="interactive\InteractiveInterface.cpp">
      <Filter>Interactive</Filter>
    </ClCompile>
    <ClCompile Include="interactive\InteractiveUI.cpp">
      <Filter>Interactive</Filter>
    </ClCompile>
    <ClCompile Include="interactive\InteractiveWidget.cpp">
      <Filter>Interactive</Filter>
    </ClCompile>
    <ClCompile Include="interactive\MyScene_select.cpp">
      <Filter>Interactive</Filter>
    </ClCompile>
    <ClCompile Include="vecmath\Matrix3.cpp">
      <Filter>vecmath</Filter>
    </ClCompile>
    <ClCompile Include="vecmath\Matrix4.cpp">
      <Filter>vecmath</Filter>
    </ClCompile>
    <ClCompile Include="vecmath\Point3.cpp">
      <Filter>vecmath</Filter>
    </ClCompile>
    <ClCompile Include="vecmath\ScreenPoint.cpp">
      <Filter>vecmath</Filter>
    </ClCompile>
    <ClCompile Include="vecmath\ScreenVector.cpp">
      <Filter>vecmath</Filter>
    </ClCompile>
    <ClCompile Include="vecmath\Vector3.cpp">
      <Filter>vecmath</Filter>
    </ClCompile>
    <ClCompile Include="vecmath\Vector4.cpp">
      <Filter>vecmath</Filter>
    </ClCompile>
    <ClCompile Include="shapes\Shape.cpp">
      <Filter>Shapes</Filter>
    </ClCompile>
    <ClCompile Include="shapes\Square.cpp">
      <Filter>Shapes</Filter>
    </ClCompile>
    <ClCompile Include="shapes\Cylinder.cpp">
      <Filter>Shapes</Filter>
    </ClCompile>
    <ClCompile Include="shapes\Cone.cpp">
      <Filter>Shapes</Filter>
    </ClCompile>
    <ClCompile Include="shapes\Sphere.cpp">
      <Filter>Shapes</Filter>
    </ClCompile>
    <ClCompile Include="shapes\Torus.cpp">
      <Filter>Shapes</Filter>
    </ClCompile>
    <ClCompile Include="shapes\Diamond.cpp">
      <Filter>Shapes</Filter>
    </ClCompile>
    <ClCompile Include="shapes\Parser.cpp">
      <Filter>Shapes</Filter>
    </ClCompile>
    <ClCompile Include="sceneview\SubGraph.cpp">
      <Filter>Sceneview</Filter>
    </ClCompile>
  </ItemGroup>
  <ItemGroup>
    <ClInclude Include="Color.h">
      <Filter>Header Files</Filter>
    </ClInclude>
    <ClInclude Include="cse452.h">
      <Filter>Header Files</Filter>
    </ClInclude>
    <ClInclude Include="GLWindow.h">
      <Filter>Header Files</Filter>
    </ClInclude>
    <ClInclude Include="ShellInterface.h">
      <Filter>Header Files</Filter>
    </ClInclude>
    <ClInclude Include="UIInterface.h">
      <Filter>Header Files</Filter>
    </ClInclude>
    <ClInclude Include="brush\BrushInterface.h">
      <Filter>Brush</Filter>
    </ClInclude>
    <ClInclude Include="brush\MyBrush.h">
      <Filter>Brush</Filter>
    </ClInclude>
    <ClInclude Include="shapes\ShapesInterface.h">
      <Filter>Shapes</Filter>
    </ClInclude>
    <ClInclude Include="shapes\ShapesUI.h">
      <Filter>Shapes</Filter>
    </ClInclude>
    <ClInclude Include="rendering\RenderingInterface.h">
      <Filter>rendering</Filter>
    </ClInclude>
    <ClInclude Include="rendering\RenderingUI.h">
      <Filter>rendering</Filter>
    </ClInclude>
    <ClInclude Include="camera\Camera.h">
      <Filter>Camera</Filter>
    </ClInclude>
    <ClInclude Include="camera\CameraInterface.h">
      <Filter>Camera</Filter>
    </ClInclude>
    <ClInclude Include="camera\CameraUI.h">
      <Filter>Camera</Filter>
    </ClInclude>
    <ClInclude Include="camera\IBar.H">
      <Filter>Camera</Filter>
    </ClInclude>
    <ClInclude Include="sceneview\Light.h">
      <Filter>Sceneview</Filter>
    </ClInclude>
    <ClInclude Include="sceneview\MyScene.h">
      <Filter>Sceneview</Filter>
    </ClInclude>
    <ClInclude Include="sceneview\parser.h">
      <Filter>Sceneview</Filter>
    </ClInclude>
    <ClInclude Include="sceneview\SceneviewInterface.h">
      <Filter>Sceneview</Filter>
    </ClInclude>
    <ClInclude Include="sceneview\SceneviewUI.h">
      <Filter>Sceneview</Filter>
    </ClInclude>
    <ClInclude Include="intersection\HitRecord.h">
      <Filter>Intersect</Filter>
    </ClInclude>
    <ClInclude Include="intersection\IntersectionInterface.h">
      <Filter>Intersect</Filter>
    </ClInclude>
    <ClInclude Include="intersection\IntersectionUI.h">
      <Filter>Intersect</Filter>
    </ClInclude>
    <ClInclude Include="interactive\InteractiveInterface.h">
      <Filter>Interactive</Filter>
    </ClInclude>
    <ClInclude Include="interactive\InteractiveUI.h">
      <Filter>Interactive</Filter>
    </ClInclude>
    <ClInclude Include="interactive\InteractiveWidget.h">
      <Filter>Interactive</Filter>
    </ClInclude>
    <ClInclude Include="vecmath\Matrix3.h">
      <Filter>vecmath</Filter>
    </ClInclude>
    <ClInclude Include="vecmath\Matrix4.h">
      <Filter>vecmath</Filter>
    </ClInclude>
    <ClInclude Include="vecmath\Point3.h">
      <Filter>vecmath</Filter>
    </ClInclude>
    <ClInclude Include="vecmath\ScreenPoint.h">
      <Filter>vecmath</Filter>
    </ClInclude>
    <ClInclude Include="vecmath\ScreenVector.h">
      <Filter>vecmath</Filter>
    </ClInclude>
    <ClInclude Include="vecmath\Vector3.h">
      <Filter>vecmath</Filter>
    </ClInclude>
    <ClInclude Include="vecmath\Vector4.h">
      <Filter>vecmath</Filter>
    </ClInclude>
    <ClInclude Include="shapes\Square.h">
      <Filter>Shapes</Filter>
    </ClInclude>
    <ClInclude Include="shapes\Shapes.h">
      <Filter>Shapes</Filter>
    </ClInclude>
    <ClInclude Include="shapes\Cylinder.h">
      <Filter>Shapes</Filter>
    </ClInclude>
    <ClInclude Include="shapes\Cone.h">
      <Filter>Shapes</Filter>
    </ClInclude>
    <ClInclude Include="shapes\Sphere.h">
      <Filter>Shapes</Filter>
    </ClInclude>
    <ClInclude Include="shapes\Torus.h">
      <Filter>Shapes</Filter>
    </ClInclude>
    <ClInclude Include="shapes\Diamond.h">
      <Filter>Shapes</Filter>
    </ClInclude>
    <ClInclude Include="shapes\Parser.h">
      <Filter>Shapes</Filter>
    </ClInclude>
    <ClInclude Include="sceneview\SubGraph.h">
      <Filter>Sceneview</Filter>
    </ClInclude>
  </ItemGroup>
  <ItemGroup>
    <Image Include="cse452shell.ico">
      <Filter>Resource Files</Filter>
    </Image>
  </ItemGroup>
</Project>